// !$*UTF8*$!
{
	archiveVersion = 1;
	classes = {
	};
	objectVersion = 46;
	objects = {

/* Begin PBXBuildFile section */
		70379E0D1C30DB9B005272CA /* AppDelegate.swift in Sources */ = {isa = PBXBuildFile; fileRef = 70379E0C1C30DB9B005272CA /* AppDelegate.swift */; };
		70379E0F1C30DB9B005272CA /* ViewController.swift in Sources */ = {isa = PBXBuildFile; fileRef = 70379E0E1C30DB9B005272CA /* ViewController.swift */; };
		70379E121C30DB9B005272CA /* Main.storyboard in Resources */ = {isa = PBXBuildFile; fileRef = 70379E101C30DB9B005272CA /* Main.storyboard */; };
		70379E141C30DB9B005272CA /* Assets.xcassets in Resources */ = {isa = PBXBuildFile; fileRef = 70379E131C30DB9B005272CA /* Assets.xcassets */; };
		70379E171C30DB9B005272CA /* LaunchScreen.storyboard in Resources */ = {isa = PBXBuildFile; fileRef = 70379E151C30DB9B005272CA /* LaunchScreen.storyboard */; };
/* End PBXBuildFile section */

/* Begin PBXFileReference section */
		70379E091C30DB9B005272CA /* Swift_ios.app */ = {isa = PBXFileReference; explicitFileType = wrapper.application; includeInIndex = 0; path = Swift_ios.app; sourceTree = BUILT_PRODUCTS_DIR; };
		70379E0C1C30DB9B005272CA /* AppDelegate.swift */ = {isa = PBXFileReference; lastKnownFileType = sourcecode.swift; path = AppDelegate.swift; sourceTree = "<group>"; };
		70379E0E1C30DB9B005272CA /* ViewController.swift */ = {isa = PBXFileReference; lastKnownFileType = sourcecode.swift; path = ViewController.swift; sourceTree = "<group>"; };
		70379E111C30DB9B005272CA /* Base */ = {isa = PBXFileReference; lastKnownFileType = file.storyboard; name = Base; path = Base.lproj/Main.storyboard; sourceTree = "<group>"; };
		70379E131C30DB9B005272CA /* Assets.xcassets */ = {isa = PBXFileReference; lastKnownFileType = folder.assetcatalog; path = Assets.xcassets; sourceTree = "<group>"; };
		70379E161C30DB9B005272CA /* Base */ = {isa = PBXFileReference; lastKnownFileType = file.storyboard; name = Base; path = Base.lproj/LaunchScreen.storyboard; sourceTree = "<group>"; };
		70379E181C30DB9B005272CA /* Info.plist */ = {isa = PBXFileReference; lastKnownFileType = text.plist.xml; path = Info.plist; sourceTree = "<group>"; };
/* End PBXFileReference section */

/* Begin PBXFrameworksBuildPhase section */
		70379E061C30DB9B005272CA /* Frameworks */ = {
			isa = PBXFrameworksBuildPhase;
			buildActionMask = 2147483647;
			files = (
			);
			runOnlyForDeploymentPostprocessing = 0;
		};
/* End PBXFrameworksBuildPhase section */

/* Begin PBXGroup section */
		70379E001C30DB9B005272CA = {
			isa = PBXGroup;
			children = (
				70379E0B1C30DB9B005272CA /* Swift_ios */,
				70379E0A1C30DB9B005272CA /* Products */,
			);
			sourceTree = "<group>";
		};
		70379E0A1C30DB9B005272CA /* Products */ = {
			isa = PBXGroup;
			children = (
				70379E091C30DB9B005272CA /* Swift_ios.app */,
			);
			name = Products;
			sourceTree = "<group>";
		};
		70379E0B1C30DB9B005272CA /* Swift_ios */ = {
			isa = PBXGroup;
			children = (
				70379E0C1C30DB9B005272CA /* AppDelegate.swift */,
				70379E0E1C30DB9B005272CA /* ViewController.swift */,
				70379E101C30DB9B005272CA /* Main.storyboard */,
				70379E131C30DB9B005272CA /* Assets.xcassets */,
				70379E151C30DB9B005272CA /* LaunchScreen.storyboard */,
				70379E181C30DB9B005272CA /* Info.plist */,
			);
			path = Swift_ios;
			sourceTree = "<group>";
		};
/* End PBXGroup section */

/* Begin PBXNativeTarget section */
		70379E081C30DB9B005272CA /* Swift_ios */ = {
			isa = PBXNativeTarget;
			buildConfigurationList = 70379E1B1C30DB9B005272CA /* Build configuration list for PBXNativeTarget "Swift_ios" */;
			buildPhases = (
				70379E051C30DB9B005272CA /* Sources */,
				70379E061C30DB9B005272CA /* Frameworks */,
				70379E071C30DB9B005272CA /* Resources */,
			);
			buildRules = (
			);
			dependencies = (
			);
			name = Swift_ios;
			productName = Swift_ios;
			productReference = 70379E091C30DB9B005272CA /* Swift_ios.app */;
			productType = "com.apple.product-type.application";
		};
/* End PBXNativeTarget section */

/* Begin PBXProject section */
		70379E011C30DB9B005272CA /* Project object */ = {
			isa = PBXProject;
			attributes = {
				LastSwiftUpdateCheck = 0720;
				LastUpgradeCheck = 0720;
				ORGANIZATIONNAME = ZL;
				TargetAttributes = {
					70379E081C30DB9B005272CA = {
						CreatedOnToolsVersion = 7.2;
					};
				};
			};
			buildConfigurationList = 70379E041C30DB9B005272CA /* Build configuration list for PBXProject "Swift_ios" */;
			compatibilityVersion = "Xcode 3.2";
			developmentRegion = English;
			hasScannedForEncodings = 0;
			knownRegions = (
				en,
				Base,
			);
			mainGroup = 70379E001C30DB9B005272CA;
			productRefGroup = 70379E0A1C30DB9B005272CA /* Products */;
			projectDirPath = "";
			projectRoot = "";
			targets = (
				70379E081C30DB9B005272CA /* Swift_ios */,
			);
		};
/* End PBXProject section */

/* Begin PBXResourcesBuildPhase section */
		70379E071C30DB9B005272CA /* Resources */ = {
			isa = PBXResourcesBuildPhase;
			buildActionMask = 2147483647;
			files = (
				70379E171C30DB9B005272CA /* LaunchScreen.storyboard in Resources */,
				70379E141C30DB9B005272CA /* Assets.xcassets in Resources */,
				70379E121C30DB9B005272CA /* Main.storyboard in Resources */,
			);
			runOnlyForDeploymentPostprocessing = 0;
		};
/* End PBXResourcesBuildPhase section */

/* Begin PBXSourcesBuildPhase section */
		70379E051C30DB9B005272CA /* Sources */ = {
			isa = PBXSourcesBuildPhase;
			buildActionMask = 2147483647;
			files = (
				70379E0F1C30DB9B005272CA /* ViewController.swift in Sources */,
				70379E0D1C30DB9B005272CA /* AppDelegate.swift in Sources */,
			);
			runOnlyForDeploymentPostprocessing = 0;
		};
/* End PBXSourcesBuildPhase section */

/* Begin PBXVariantGroup section */
		70379E101C30DB9B005272CA /* Main.storyboard */ = {
			isa = PBXVariantGroup;
			children = (
				70379E111C30DB9B005272CA /* Base */,
			);
			name = Main.storyboard;
			sourceTree = "<group>";
		};
		70379E151C30DB9B005272CA /* LaunchScreen.storyboard */ = {
			isa = PBXVariantGroup;
			children = (
				70379E161C30DB9B005272CA /* Base */,
			);
			name = LaunchScreen.storyboard;
			sourceTree = "<group>";
		};
/* End PBXVariantGroup section */

/* Begin XCBuildConfiguration section */
		70379E191C30DB9B005272CA /* Debug */ = {
			isa = XCBuildConfiguration;
			buildSettings = {
				ALWAYS_SEARCH_USER_PATHS = NO;
				CLANG_CXX_LANGUAGE_STANDARD = "gnu++0x";
				CLANG_CXX_LIBRARY = "libc++";
				CLANG_ENABLE_MODULES = YES;
				CLANG_ENABLE_OBJC_ARC = YES;
				CLANG_WARN_BOOL_CONVERSION = YES;
				CLANG_WARN_CONSTANT_CONVERSION = YES;
				CLANG_WARN_DIRECT_OBJC_ISA_USAGE = YES_ERROR;
				CLANG_WARN_EMPTY_BODY = YES;
				CLANG_WARN_ENUM_CONVERSION = YES;
				CLANG_WARN_INT_CONVERSION = YES;
				CLANG_WARN_OBJC_ROOT_CLASS = YES_ERROR;
				CLANG_WARN_UNREACHABLE_CODE = YES;
				CLANG_WARN__DUPLICATE_METHOD_MATCH = YES;
				"CODE_SIGN_IDENTITY[sdk=iphoneos*]" = "iPhone Developer";
				COPY_PHASE_STRIP = NO;
				DEBUG_INFORMATION_FORMAT = dwarf;
				ENABLE_STRICT_OBJC_MSGSEND = YES;
				ENABLE_TESTABILITY = YES;
				GCC_C_LANGUAGE_STANDARD = gnu99;
				GCC_DYNAMIC_NO_PIC = NO;
				GCC_NO_COMMON_BLOCKS = YES;
				GCC_OPTIMIZATION_LEVEL = 0;
				GCC_PREPROCESSOR_DEFINITIONS = (
					"DEBUG=1",
					"$(inherited)",
				);
				GCC_WARN_64_TO_32_BIT_CONVERSION = YES;
				GCC_WARN_ABOUT_RETURN_TYPE = YES_ERROR;
				GCC_WARN_UNDECLARED_SELECTOR = YES;
				GCC_WARN_UNINITIALIZED_AUTOS = YES_AGGRESSIVE;
				GCC_WARN_UNUSED_FUNCTION = YES;
				GCC_WARN_UNUSED_VARIABLE = YES;
				IPHONEOS_DEPLOYMENT_TARGET = 9.2;
				MTL_ENABLE_DEBUG_INFO = YES;
				ONLY_ACTIVE_ARCH = YES;
				SDKROOT = iphoneos;
				SWIFT_OPTIMIZATION_LEVEL = "-Onone";
			};
			name = Debug;
		};
		70379E1A1C30DB9B005272CA /* Release */ = {
			isa = XCBuildConfiguration;
			buildSettings = {
				ALWAYS_SEARCH_USER_PATHS = NO;
				CLANG_CXX_LANGUAGE_STANDARD = "gnu++0x";
				CLANG_CXX_LIBRARY = "libc++";
				CLANG_ENABLE_MODULES = YES;
				CLANG_ENABLE_OBJC_ARC = YES;
				CLANG_WARN_BOOL_CONVERSION = YES;
				CLANG_WARN_CONSTANT_CONVERSION = YES;
				CLANG_WARN_DIRECT_OBJC_ISA_USAGE = YES_ERROR;
				CLANG_WARN_EMPTY_BODY = YES;
				CLANG_WARN_ENUM_CONVERSION = YES;
				CLANG_WARN_INT_CONVERSION = YES;
				CLANG_WARN_OBJC_ROOT_CLASS = YES_ERROR;
				CLANG_WARN_UNREACHABLE_CODE = YES;
				CLANG_WARN__DUPLICATE_METHOD_MATCH = YES;
				"CODE_SIGN_IDENTITY[sdk=iphoneos*]" = "iPhone Developer";
				COPY_PHASE_STRIP = NO;
				DEBUG_INFORMATION_FORMAT = "dwarf-with-dsym";
				ENABLE_NS_ASSERTIONS = NO;
				ENABLE_STRICT_OBJC_MSGSEND = YES;
				GCC_C_LANGUAGE_STANDARD = gnu99;
				GCC_NO_COMMON_BLOCKS = YES;
				GCC_WARN_64_TO_32_BIT_CONVERSION = YES;
				GCC_WARN_ABOUT_RETURN_TYPE = YES_ERROR;
				GCC_WARN_UNDECLARED_SELECTOR = YES;
				GCC_WARN_UNINITIALIZED_AUTOS = YES_AGGRESSIVE;
				GCC_WARN_UNUSED_FUNCTION = YES;
				GCC_WARN_UNUSED_VARIABLE = YES;
				IPHONEOS_DEPLOYMENT_TARGET = 9.2;
				MTL_ENABLE_DEBUG_INFO = NO;
				SDKROOT = iphoneos;
				VALIDATE_PRODUCT = YES;
			};
			name = Release;
		};
		70379E1C1C30DB9B005272CA /* Debug */ = {
			isa = XCBuildConfiguration;
			buildSettings = {
				ASSETCATALOG_COMPILER_APPICON_NAME = AppIcon;
				INFOPLIST_FILE = Swift_ios/Info.plist;
				LD_RUNPATH_SEARCH_PATHS = "$(inherited) @executable_path/Frameworks";
				PRODUCT_BUNDLE_IDENTIFIER = "com.ZL.com.Swift-ios";
				PRODUCT_NAME = "$(TARGET_NAME)";
			};
			name = Debug;
		};
		70379E1D1C30DB9B005272CA /* Release */ = {
			isa = XCBuildConfiguration;
			buildSettings = {
				ASSETCATALOG_COMPILER_APPICON_NAME = AppIcon;
				INFOPLIST_FILE = Swift_ios/Info.plist;
				LD_RUNPATH_SEARCH_PATHS = "$(inherited) @executable_path/Frameworks";
				PRODUCT_BUNDLE_IDENTIFIER = "com.ZL.com.Swift-ios";
				PRODUCT_NAME = "$(TARGET_NAME)";
			};
			name = Release;
		};
/* End XCBuildConfiguration section */

/* Begin XCConfigurationList section */
		70379E041C30DB9B005272CA /* Build configuration list for PBXProject "Swift_ios" */ = {
			isa = XCConfigurationList;
			buildConfigurations = (
				70379E191C30DB9B005272CA /* Debug */,
				70379E1A1C30DB9B005272CA /* Release */,
			);
			defaultConfigurationIsVisible = 0;
			defaultConfigurationName = Release;
		};
		70379E1B1C30DB9B005272CA /* Build configuration list for PBXNativeTarget "Swift_ios" */ = {
			isa = XCConfigurationList;
			buildConfigurations = (
				70379E1C1C30DB9B005272CA /* Debug */,
				70379E1D1C30DB9B005272CA /* Release */,
			);
			defaultConfigurationIsVisible = 0;
		};
/* End XCConfigurationList section */
	};
	rootObject = 70379E011C30DB9B005272CA /* Project object */;
}
