// !$*UTF8*$!
{
	archiveVersion = 1;
	classes = {
	};
	objectVersion = 46;
	objects = {

/* Begin PBXBuildFile section */
		70379E0F1C30DB9B005272CA /* ViewController.swift in Sources */ = {isa = PBXBuildFile; fileRef = 70379E0E1C30DB9B005272CA /* ViewController.swift */; };
		70379E121C30DB9B005272CA /* Main.storyboard in Resources */ = {isa = PBXBuildFile; fileRef = 70379E101C30DB9B005272CA /* Main.storyboard */; };
		70379E141C30DB9B005272CA /* Assets.xcassets in Resources */ = {isa = PBXBuildFile; fileRef = 70379E131C30DB9B005272CA /* Assets.xcassets */; };
		70379E171C30DB9B005272CA /* LaunchScreen.storyboard in Resources */ = {isa = PBXBuildFile; fileRef = 70379E151C30DB9B005272CA /* LaunchScreen.storyboard */; };
		70379E201C30E4E6005272CA /* AppDelegate.swift in Sources */ = {isa = PBXBuildFile; fileRef = 70379E1F1C30E4E6005272CA /* AppDelegate.swift */; };
		70379E221C30E508005272CA /* Constants.swift in Sources */ = {isa = PBXBuildFile; fileRef = 70379E211C30E508005272CA /* Constants.swift */; };
		70379E271C30E591005272CA /* DateUtil.swift in Sources */ = {isa = PBXBuildFile; fileRef = 70379E241C30E591005272CA /* DateUtil.swift */; };
		70379E281C30E591005272CA /* G.swift in Sources */ = {isa = PBXBuildFile; fileRef = 70379E251C30E591005272CA /* G.swift */; };
		70379E291C30E591005272CA /* Global.swift in Sources */ = {isa = PBXBuildFile; fileRef = 70379E261C30E591005272CA /* Global.swift */; };
		70379E2E1C30EA6F005272CA /* BaseViewController.swift in Sources */ = {isa = PBXBuildFile; fileRef = 70379E2C1C30EA6F005272CA /* BaseViewController.swift */; };
		C40144CEF327625FA605B48A /* Pods.framework in Frameworks */ = {isa = PBXBuildFile; fileRef = 6F5F44FFB2A546191A59FAF2 /* Pods.framework */; settings = {ATTRIBUTES = (Required, ); }; };
		C65CDAF01C532CB2005ADBDA /* Task.swift in Sources */ = {isa = PBXBuildFile; fileRef = C65CDAEF1C532CB2005ADBDA /* Task.swift */; };
		C65CDAF31C532F1E005ADBDA /* HttpRequst.swift in Sources */ = {isa = PBXBuildFile; fileRef = C65CDAF21C532F1E005ADBDA /* HttpRequst.swift */; };
		C65CDAF61C5332C0005ADBDA /* TaskServices.swift in Sources */ = {isa = PBXBuildFile; fileRef = C65CDAF51C5332C0005ADBDA /* TaskServices.swift */; };
		C6EF316E1C53495900C365B0 /* Pods.framework in Embed Frameworks */ = {isa = PBXBuildFile; fileRef = 6F5F44FFB2A546191A59FAF2 /* Pods.framework */; settings = {ATTRIBUTES = (CodeSignOnCopy, RemoveHeadersOnCopy, ); }; };
/* End PBXBuildFile section */

/* Begin PBXCopyFilesBuildPhase section */
		C6EF316F1C53495900C365B0 /* Embed Frameworks */ = {
			isa = PBXCopyFilesBuildPhase;
			buildActionMask = 12;
			dstPath = "";
			dstSubfolderSpec = 10;
			files = (
				C6EF316E1C53495900C365B0 /* Pods.framework in Embed Frameworks */,
			);
			name = "Embed Frameworks";
			runOnlyForDeploymentPostprocessing = 0;
		};
/* End PBXCopyFilesBuildPhase section */

/* Begin PBXFileReference section */
		0293CD3E3E6A2B144DE509C9 /* Pods.debug.xcconfig */ = {isa = PBXFileReference; includeInIndex = 1; lastKnownFileType = text.xcconfig; name = Pods.debug.xcconfig; path = "Pods/Target Support Files/Pods/Pods.debug.xcconfig"; sourceTree = "<group>"; };
		6F5F44FFB2A546191A59FAF2 /* Pods.framework */ = {isa = PBXFileReference; explicitFileType = wrapper.framework; includeInIndex = 0; path = Pods.framework; sourceTree = BUILT_PRODUCTS_DIR; };
		70379E091C30DB9B005272CA /* Swift_ios.app */ = {isa = PBXFileReference; explicitFileType = wrapper.application; includeInIndex = 0; path = Swift_ios.app; sourceTree = BUILT_PRODUCTS_DIR; };
		70379E0E1C30DB9B005272CA /* ViewController.swift */ = {isa = PBXFileReference; lastKnownFileType = sourcecode.swift; path = ViewController.swift; sourceTree = "<group>"; };
		70379E111C30DB9B005272CA /* Base */ = {isa = PBXFileReference; lastKnownFileType = file.storyboard; name = Base; path = Base.lproj/Main.storyboard; sourceTree = "<group>"; };
		70379E131C30DB9B005272CA /* Assets.xcassets */ = {isa = PBXFileReference; lastKnownFileType = folder.assetcatalog; path = Assets.xcassets; sourceTree = "<group>"; };
		70379E161C30DB9B005272CA /* Base */ = {isa = PBXFileReference; lastKnownFileType = file.storyboard; name = Base; path = Base.lproj/LaunchScreen.storyboard; sourceTree = "<group>"; };
		70379E181C30DB9B005272CA /* Info.plist */ = {isa = PBXFileReference; lastKnownFileType = text.plist.xml; path = Info.plist; sourceTree = "<group>"; };
		70379E1F1C30E4E6005272CA /* AppDelegate.swift */ = {isa = PBXFileReference; fileEncoding = 4; lastKnownFileType = sourcecode.swift; path = AppDelegate.swift; sourceTree = "<group>"; };
		70379E211C30E508005272CA /* Constants.swift */ = {isa = PBXFileReference; fileEncoding = 4; lastKnownFileType = sourcecode.swift; path = Constants.swift; sourceTree = "<group>"; };
		70379E241C30E591005272CA /* DateUtil.swift */ = {isa = PBXFileReference; fileEncoding = 4; lastKnownFileType = sourcecode.swift; path = DateUtil.swift; sourceTree = "<group>"; };
		70379E251C30E591005272CA /* G.swift */ = {isa = PBXFileReference; fileEncoding = 4; lastKnownFileType = sourcecode.swift; path = G.swift; sourceTree = "<group>"; };
		70379E261C30E591005272CA /* Global.swift */ = {isa = PBXFileReference; fileEncoding = 4; lastKnownFileType = sourcecode.swift; path = Global.swift; sourceTree = "<group>"; };
		70379E2C1C30EA6F005272CA /* BaseViewController.swift */ = {isa = PBXFileReference; fileEncoding = 4; lastKnownFileType = sourcecode.swift; path = BaseViewController.swift; sourceTree = "<group>"; };
		7F4C043644961C1FFC976E25 /* Pods.release.xcconfig */ = {isa = PBXFileReference; includeInIndex = 1; lastKnownFileType = text.xcconfig; name = Pods.release.xcconfig; path = "Pods/Target Support Files/Pods/Pods.release.xcconfig"; sourceTree = "<group>"; };
		C65CDAEF1C532CB2005ADBDA /* Task.swift */ = {isa = PBXFileReference; fileEncoding = 4; lastKnownFileType = sourcecode.swift; path = Task.swift; sourceTree = "<group>"; };
		C65CDAF21C532F1E005ADBDA /* HttpRequst.swift */ = {isa = PBXFileReference; fileEncoding = 4; lastKnownFileType = sourcecode.swift; path = HttpRequst.swift; sourceTree = "<group>"; };
		C65CDAF51C5332C0005ADBDA /* TaskServices.swift */ = {isa = PBXFileReference; fileEncoding = 4; lastKnownFileType = sourcecode.swift; path = TaskServices.swift; sourceTree = "<group>"; };
/* End PBXFileReference section */

/* Begin PBXFrameworksBuildPhase section */
		70379E061C30DB9B005272CA /* Frameworks */ = {
			isa = PBXFrameworksBuildPhase;
			buildActionMask = 2147483647;
			files = (
				C40144CEF327625FA605B48A /* Pods.framework in Frameworks */,
			);
			runOnlyForDeploymentPostprocessing = 0;
		};
/* End PBXFrameworksBuildPhase section */

/* Begin PBXGroup section */
		20C367878DF9DBBF972F2C4E /* Frameworks */ = {
			isa = PBXGroup;
			children = (
				6F5F44FFB2A546191A59FAF2 /* Pods.framework */,
			);
			name = Frameworks;
			sourceTree = "<group>";
		};
		70379E001C30DB9B005272CA = {
			isa = PBXGroup;
			children = (
				70379E0B1C30DB9B005272CA /* Swift_ios */,
				70379E0A1C30DB9B005272CA /* Products */,
				73D64771BC645C69D2B133B0 /* Pods */,
				20C367878DF9DBBF972F2C4E /* Frameworks */,
			);
			sourceTree = "<group>";
		};
		70379E0A1C30DB9B005272CA /* Products */ = {
			isa = PBXGroup;
			children = (
				70379E091C30DB9B005272CA /* Swift_ios.app */,
			);
			name = Products;
			sourceTree = "<group>";
		};
		70379E0B1C30DB9B005272CA /* Swift_ios */ = {
			isa = PBXGroup;
			children = (
				C65CDAF41C5332AE005ADBDA /* Services */,
				C65CDAEE1C532C86005ADBDA /* Models */,
				70379E2A1C30EA2E005272CA /* Base */,
				70379E231C30E591005272CA /* Utils */,
				70379E1E1C30E4AE005272CA /* Project */,
				70379E0E1C30DB9B005272CA /* ViewController.swift */,
				70379E101C30DB9B005272CA /* Main.storyboard */,
				70379E131C30DB9B005272CA /* Assets.xcassets */,
				70379E151C30DB9B005272CA /* LaunchScreen.storyboard */,
				70379E181C30DB9B005272CA /* Info.plist */,
			);
			path = Swift_ios;
			sourceTree = "<group>";
		};
		70379E1E1C30E4AE005272CA /* Project */ = {
			isa = PBXGroup;
			children = (
				70379E211C30E508005272CA /* Constants.swift */,
				70379E1F1C30E4E6005272CA /* AppDelegate.swift */,
			);
			path = Project;
			sourceTree = "<group>";
		};
		70379E231C30E591005272CA /* Utils */ = {
			isa = PBXGroup;
			children = (
				C65CDAF11C532F1E005ADBDA /* HTTP */,
				70379E241C30E591005272CA /* DateUtil.swift */,
				70379E251C30E591005272CA /* G.swift */,
				70379E261C30E591005272CA /* Global.swift */,
			);
			path = Utils;
			sourceTree = "<group>";
		};
		70379E2A1C30EA2E005272CA /* Base */ = {
			isa = PBXGroup;
			children = (
				70379E2B1C30EA48005272CA /* ViewController */,
			);
			path = Base;
			sourceTree = "<group>";
		};
		70379E2B1C30EA48005272CA /* ViewController */ = {
			isa = PBXGroup;
			children = (
				70379E2C1C30EA6F005272CA /* BaseViewController.swift */,
			);
			path = ViewController;
			sourceTree = "<group>";
		};
		73D64771BC645C69D2B133B0 /* Pods */ = {
			isa = PBXGroup;
			children = (
				0293CD3E3E6A2B144DE509C9 /* Pods.debug.xcconfig */,
				7F4C043644961C1FFC976E25 /* Pods.release.xcconfig */,
			);
			name = Pods;
			sourceTree = "<group>";
		};
		C65CDAEE1C532C86005ADBDA /* Models */ = {
			isa = PBXGroup;
			children = (
				C65CDAEF1C532CB2005ADBDA /* Task.swift */,
			);
			path = Models;
			sourceTree = "<group>";
		};
		C65CDAF11C532F1E005ADBDA /* HTTP */ = {
			isa = PBXGroup;
			children = (
				C65CDAF21C532F1E005ADBDA /* HttpRequst.swift */,
			);
			path = HTTP;
			sourceTree = "<group>";
		};
		C65CDAF41C5332AE005ADBDA /* Services */ = {
			isa = PBXGroup;
			children = (
				C65CDAF51C5332C0005ADBDA /* TaskServices.swift */,
			);
			path = Services;
			sourceTree = "<group>";
		};
/* End PBXGroup section */

/* Begin PBXNativeTarget section */
		70379E081C30DB9B005272CA /* Swift_ios */ = {
			isa = PBXNativeTarget;
			buildConfigurationList = 70379E1B1C30DB9B005272CA /* Build configuration list for PBXNativeTarget "Swift_ios" */;
			buildPhases = (
				2820E8045919C79C02617D27 /* Check Pods Manifest.lock */,
				70379E051C30DB9B005272CA /* Sources */,
				70379E061C30DB9B005272CA /* Frameworks */,
				70379E071C30DB9B005272CA /* Resources */,
				7759C1BF05F181E29EE67EED /* Embed Pods Frameworks */,
				1A7EF8F2BAE2C9A56CAD202B /* Copy Pods Resources */,
				C6EF316F1C53495900C365B0 /* Embed Frameworks */,
			);
			buildRules = (
			);
			dependencies = (
			);
			name = Swift_ios;
			productName = Swift_ios;
			productReference = 70379E091C30DB9B005272CA /* Swift_ios.app */;
			productType = "com.apple.product-type.application";
		};
/* End PBXNativeTarget section */

/* Begin PBXProject section */
		70379E011C30DB9B005272CA /* Project object */ = {
			isa = PBXProject;
			attributes = {
				LastSwiftUpdateCheck = 0720;
				LastUpgradeCheck = 0720;
				ORGANIZATIONNAME = ZL;
				TargetAttributes = {
					70379E081C30DB9B005272CA = {
						CreatedOnToolsVersion = 7.2;
					};
				};
			};
			buildConfigurationList = 70379E041C30DB9B005272CA /* Build configuration list for PBXProject "Swift_ios" */;
			compatibilityVersion = "Xcode 3.2";
			developmentRegion = English;
			hasScannedForEncodings = 0;
			knownRegions = (
				en,
				Base,
			);
			mainGroup = 70379E001C30DB9B005272CA;
			productRefGroup = 70379E0A1C30DB9B005272CA /* Products */;
			projectDirPath = "";
			projectRoot = "";
			targets = (
				70379E081C30DB9B005272CA /* Swift_ios */,
			);
		};
/* End PBXProject section */

/* Begin PBXResourcesBuildPhase section */
		70379E071C30DB9B005272CA /* Resources */ = {
			isa = PBXResourcesBuildPhase;
			buildActionMask = 2147483647;
			files = (
				70379E171C30DB9B005272CA /* LaunchScreen.storyboard in Resources */,
				70379E141C30DB9B005272CA /* Assets.xcassets in Resources */,
				70379E121C30DB9B005272CA /* Main.storyboard in Resources */,
			);
			runOnlyForDeploymentPostprocessing = 0;
		};
/* End PBXResourcesBuildPhase section */

/* Begin PBXShellScriptBuildPhase section */
		1A7EF8F2BAE2C9A56CAD202B /* Copy Pods Resources */ = {
			isa = PBXShellScriptBuildPhase;
			buildActionMask = 2147483647;
			files = (
			);
			inputPaths = (
			);
			name = "Copy Pods Resources";
			outputPaths = (
			);
			runOnlyForDeploymentPostprocessing = 0;
			shellPath = /bin/sh;
			shellScript = "\"${SRCROOT}/Pods/Target Support Files/Pods/Pods-resources.sh\"\n";
			showEnvVarsInLog = 0;
		};
		2820E8045919C79C02617D27 /* Check Pods Manifest.lock */ = {
			isa = PBXShellScriptBuildPhase;
			buildActionMask = 2147483647;
			files = (
			);
			inputPaths = (
			);
			name = "Check Pods Manifest.lock";
			outputPaths = (
			);
			runOnlyForDeploymentPostprocessing = 0;
			shellPath = /bin/sh;
			shellScript = "diff \"${PODS_ROOT}/../Podfile.lock\" \"${PODS_ROOT}/Manifest.lock\" > /dev/null\nif [[ $? != 0 ]] ; then\n    cat << EOM\nerror: The sandbox is not in sync with the Podfile.lock. Run 'pod install' or update your CocoaPods installation.\nEOM\n    exit 1\nfi\n";
			showEnvVarsInLog = 0;
		};
		7759C1BF05F181E29EE67EED /* Embed Pods Frameworks */ = {
			isa = PBXShellScriptBuildPhase;
			buildActionMask = 2147483647;
			files = (
			);
			inputPaths = (
			);
			name = "Embed Pods Frameworks";
			outputPaths = (
			);
			runOnlyForDeploymentPostprocessing = 0;
			shellPath = /bin/sh;
			shellScript = "\"${SRCROOT}/Pods/Target Support Files/Pods/Pods-frameworks.sh\"\n";
			showEnvVarsInLog = 0;
		};
/* End PBXShellScriptBuildPhase section */

/* Begin PBXSourcesBuildPhase section */
		70379E051C30DB9B005272CA /* Sources */ = {
			isa = PBXSourcesBuildPhase;
			buildActionMask = 2147483647;
			files = (
				C65CDAF01C532CB2005ADBDA /* Task.swift in Sources */,
				70379E201C30E4E6005272CA /* AppDelegate.swift in Sources */,
				70379E271C30E591005272CA /* DateUtil.swift in Sources */,
				70379E291C30E591005272CA /* Global.swift in Sources */,
				70379E281C30E591005272CA /* G.swift in Sources */,
				70379E0F1C30DB9B005272CA /* ViewController.swift in Sources */,
				C65CDAF31C532F1E005ADBDA /* HttpRequst.swift in Sources */,
				70379E2E1C30EA6F005272CA /* BaseViewController.swift in Sources */,
				C65CDAF61C5332C0005ADBDA /* TaskServices.swift in Sources */,
				70379E221C30E508005272CA /* Constants.swift in Sources */,
			);
			runOnlyForDeploymentPostprocessing = 0;
		};
/* End PBXSourcesBuildPhase section */

/* Begin PBXVariantGroup section */
		70379E101C30DB9B005272CA /* Main.storyboard */ = {
			isa = PBXVariantGroup;
			children = (
				70379E111C30DB9B005272CA /* Base */,
			);
			name = Main.storyboard;
			sourceTree = "<group>";
		};
		70379E151C30DB9B005272CA /* LaunchScreen.storyboard */ = {
			isa = PBXVariantGroup;
			children = (
				70379E161C30DB9B005272CA /* Base */,
			);
			name = LaunchScreen.storyboard;
			sourceTree = "<group>";
		};
/* End PBXVariantGroup section */

/* Begin XCBuildConfiguration section */
		70379E191C30DB9B005272CA /* Debug */ = {
			isa = XCBuildConfiguration;
			buildSettings = {
				ALWAYS_SEARCH_USER_PATHS = NO;
				CLANG_CXX_LANGUAGE_STANDARD = "gnu++0x";
				CLANG_CXX_LIBRARY = "libc++";
				CLANG_ENABLE_MODULES = YES;
				CLANG_ENABLE_OBJC_ARC = YES;
				CLANG_WARN_BOOL_CONVERSION = YES;
				CLANG_WARN_CONSTANT_CONVERSION = YES;
				CLANG_WARN_DIRECT_OBJC_ISA_USAGE = YES_ERROR;
				CLANG_WARN_EMPTY_BODY = YES;
				CLANG_WARN_ENUM_CONVERSION = YES;
				CLANG_WARN_INT_CONVERSION = YES;
				CLANG_WARN_OBJC_ROOT_CLASS = YES_ERROR;
				CLANG_WARN_UNREACHABLE_CODE = YES;
				CLANG_WARN__DUPLICATE_METHOD_MATCH = YES;
				"CODE_SIGN_IDENTITY[sdk=iphoneos*]" = "iPhone Developer";
				COPY_PHASE_STRIP = NO;
				DEBUG_INFORMATION_FORMAT = dwarf;
				ENABLE_STRICT_OBJC_MSGSEND = YES;
				ENABLE_TESTABILITY = YES;
				GCC_C_LANGUAGE_STANDARD = gnu99;
				GCC_DYNAMIC_NO_PIC = NO;
				GCC_NO_COMMON_BLOCKS = YES;
				GCC_OPTIMIZATION_LEVEL = 0;
				GCC_PREPROCESSOR_DEFINITIONS = (
					"DEBUG=1",
					"$(inherited)",
				);
				GCC_WARN_64_TO_32_BIT_CONVERSION = YES;
				GCC_WARN_ABOUT_RETURN_TYPE = YES_ERROR;
				GCC_WARN_UNDECLARED_SELECTOR = YES;
				GCC_WARN_UNINITIALIZED_AUTOS = YES_AGGRESSIVE;
				GCC_WARN_UNUSED_FUNCTION = YES;
				GCC_WARN_UNUSED_VARIABLE = YES;
				IPHONEOS_DEPLOYMENT_TARGET = 8.0;
				MTL_ENABLE_DEBUG_INFO = YES;
				ONLY_ACTIVE_ARCH = YES;
				SDKROOT = iphoneos;
				SWIFT_OPTIMIZATION_LEVEL = "-Onone";
			};
			name = Debug;
		};
		70379E1A1C30DB9B005272CA /* Release */ = {
			isa = XCBuildConfiguration;
			buildSettings = {
				ALWAYS_SEARCH_USER_PATHS = NO;
				CLANG_CXX_LANGUAGE_STANDARD = "gnu++0x";
				CLANG_CXX_LIBRARY = "libc++";
				CLANG_ENABLE_MODULES = YES;
				CLANG_ENABLE_OBJC_ARC = YES;
				CLANG_WARN_BOOL_CONVERSION = YES;
				CLANG_WARN_CONSTANT_CONVERSION = YES;
				CLANG_WARN_DIRECT_OBJC_ISA_USAGE = YES_ERROR;
				CLANG_WARN_EMPTY_BODY = YES;
				CLANG_WARN_ENUM_CONVERSION = YES;
				CLANG_WARN_INT_CONVERSION = YES;
				CLANG_WARN_OBJC_ROOT_CLASS = YES_ERROR;
				CLANG_WARN_UNREACHABLE_CODE = YES;
				CLANG_WARN__DUPLICATE_METHOD_MATCH = YES;
				"CODE_SIGN_IDENTITY[sdk=iphoneos*]" = "iPhone Developer";
				COPY_PHASE_STRIP = NO;
				DEBUG_INFORMATION_FORMAT = "dwarf-with-dsym";
				ENABLE_NS_ASSERTIONS = NO;
				ENABLE_STRICT_OBJC_MSGSEND = YES;
				GCC_C_LANGUAGE_STANDARD = gnu99;
				GCC_NO_COMMON_BLOCKS = YES;
				GCC_WARN_64_TO_32_BIT_CONVERSION = YES;
				GCC_WARN_ABOUT_RETURN_TYPE = YES_ERROR;
				GCC_WARN_UNDECLARED_SELECTOR = YES;
				GCC_WARN_UNINITIALIZED_AUTOS = YES_AGGRESSIVE;
				GCC_WARN_UNUSED_FUNCTION = YES;
				GCC_WARN_UNUSED_VARIABLE = YES;
				IPHONEOS_DEPLOYMENT_TARGET = 8.0;
				MTL_ENABLE_DEBUG_INFO = NO;
				SDKROOT = iphoneos;
				VALIDATE_PRODUCT = YES;
			};
			name = Release;
		};
		70379E1C1C30DB9B005272CA /* Debug */ = {
			isa = XCBuildConfiguration;
			baseConfigurationReference = 0293CD3E3E6A2B144DE509C9 /* Pods.debug.xcconfig */;
			buildSettings = {
				ASSETCATALOG_COMPILER_APPICON_NAME = AppIcon;
				CODE_SIGN_IDENTITY = "iPhone Developer: qiang liu (D2X6F69YN7)";
				ENABLE_BITCODE = NO;
				INFOPLIST_FILE = Swift_ios/Info.plist;
				LD_RUNPATH_SEARCH_PATHS = "$(inherited) @executable_path/Frameworks";
				PRODUCT_BUNDLE_IDENTIFIER = "com.ZL.com.Swift-ios";
				PRODUCT_NAME = "$(TARGET_NAME)";
				PROVISIONING_PROFILE = "29c5ce91-6133-4e23-9d93-41590ec6f1e7";
			};
			name = Debug;
		};
		70379E1D1C30DB9B005272CA /* Release */ = {
			isa = XCBuildConfiguration;
			baseConfigurationReference = 7F4C043644961C1FFC976E25 /* Pods.release.xcconfig */;
			buildSettings = {
				ASSETCATALOG_COMPILER_APPICON_NAME = AppIcon;
				CODE_SIGN_IDENTITY = "iPhone Developer: qiang liu (D2X6F69YN7)";
				ENABLE_BITCODE = NO;
				INFOPLIST_FILE = Swift_ios/Info.plist;
				LD_RUNPATH_SEARCH_PATHS = "$(inherited) @executable_path/Frameworks";
				PRODUCT_BUNDLE_IDENTIFIER = "com.ZL.com.Swift-ios";
				PRODUCT_NAME = "$(TARGET_NAME)";
				PROVISIONING_PROFILE = "29c5ce91-6133-4e23-9d93-41590ec6f1e7";
			};
			name = Release;
		};
/* End XCBuildConfiguration section */

/* Begin XCConfigurationList section */
		70379E041C30DB9B005272CA /* Build configuration list for PBXProject "Swift_ios" */ = {
			isa = XCConfigurationList;
			buildConfigurations = (
				70379E191C30DB9B005272CA /* Debug */,
				70379E1A1C30DB9B005272CA /* Release */,
			);
			defaultConfigurationIsVisible = 0;
			defaultConfigurationName = Release;
		};
		70379E1B1C30DB9B005272CA /* Build configuration list for PBXNativeTarget "Swift_ios" */ = {
			isa = XCConfigurationList;
			buildConfigurations = (
				70379E1C1C30DB9B005272CA /* Debug */,
				70379E1D1C30DB9B005272CA /* Release */,
			);
			defaultConfigurationIsVisible = 0;
			defaultConfigurationName = Release;
		};
/* End XCConfigurationList section */
	};
	rootObject = 70379E011C30DB9B005272CA /* Project object */;
}
