PODS:
  - Alamofire (3.1.4)
  - AsyncSwift (1.6.4)
  - Cent (4.1.0):
    - Dollar (~> 4.1.0)
  - Dollar (4.1.0)
  - HanekeSwift (0.10.0)
  - Ji (1.2.0):
    - Ji/Ji (= 1.2.0)
  - Ji/Ji (1.2.0):
    - Ji/Ji-libxml
  - Ji/Ji-libxml (1.2.0)
  - Kingfisher (1.8.5)
  - MJRefresh (3.0.8)
  - PySwiftyRegex (0.2.0)
  - RavenSwift (0.3.1)
  - ReachabilitySwift (2.3.3)
  - SnapKit (0.18.0)
  - SwiftDate (2.0.2)
  - SwiftFilePath (0.0.6)
  - SwiftyJSON (2.3.2)
  - XCGLogger (3.1.1)

DEPENDENCIES:
  - Alamofire (~> 3.0)
  - AsyncSwift
  - Cent
  - Dollar
  - HanekeSwift
  - Ji
  - Kingfisher
  - MJRefresh
  - PySwiftyRegex
  - RavenSwift
  - ReachabilitySwift (from `https://github.com/ashleymills/Reachability.swift`)
  - SnapKit
  - SwiftDate
  - SwiftFilePath
  - SwiftyJSON (from `https://github.com/SwiftyJSON/SwiftyJSON.git`)
  - XCGLogger

EXTERNAL SOURCES:
  ReachabilitySwift:
    :git: https://github.com/ashleymills/Reachability.swift
  SwiftyJSON:
    :git: https://github.com/SwiftyJSON/SwiftyJSON.git

CHECKOUT OPTIONS:
  ReachabilitySwift:
    :commit: 217ba79579efbfebd66691666b782ecd04fe5f5b
    :git: https://github.com/ashleymills/Reachability.swift
  SwiftyJSON:
    :commit: 8e618c8baf6323a5079c6549bb38d48357b31630
    :git: https://github.com/SwiftyJSON/SwiftyJSON.git

SPEC CHECKSUMS:
  Alamofire: fbc829692f351fa1d8a31dd75fd7f7f56fea31fb
  AsyncSwift: 3c90beed237324f1b57e1f1c414dc5501985d208
  Cent: 9960f0a1963631c6164cdb43bd3344d04b793fe3
  Dollar: 1ee47922ccdfda5b572c8a4956b08986f1b4c429
  HanekeSwift: d6f5bdf9dbdbbc09d59623b2c1d533e46463dd4d
  Ji: ddebb22f9ac445db6e884b66f78ea74fb135fdb7
  Kingfisher: 780fed0fa82692a3bd59d53329ae2b85cdd354a5
  MJRefresh: fafde8f18f4afd66b434331a9beb67a6c0264056
  PySwiftyRegex: f8a4538611825cce883dafe468fe484aca0e945d
  RavenSwift: 770051c7d019c7b5639fc65ba9667f9233c41113
  ReachabilitySwift: e0f6b6f280effb47731acfaaa2d5ffe223703793
  SnapKit: e1f090a6d47b1dd4bd89b73f72b6746a7835ef3c
  SwiftDate: b4f4d0962afe48365ad2800c9850a6626deb9359
  SwiftFilePath: 52c1db61018e0a3941191eb71002cb5cbdaa39e7
  SwiftyJSON: 04ccea08915aa0109039157c7974cf0298da292a
  XCGLogger: e111a313f609432394c3ae378d99511634fd2e3c

COCOAPODS: 0.39.0
